<?xml version="1.0" encoding="utf-8"?>
<Project ToolsVersion="4.0" xmlns="http://schemas.microsoft.com/developer/msbuild/2003">
  <ItemGroup>
    <Filter Include="리소스 파일">
      <UniqueIdentifier>{67DA6AB6-F800-4c08-8B7A-83BB121AAD01}</UniqueIdentifier>
      <Extensions>rc;ico;cur;bmp;dlg;rc2;rct;bin;rgs;gif;jpg;jpeg;jpe;resx;tiff;tif;png;wav;mfcribbon-ms</Extensions>
    </Filter>
    <Filter Include="MainProc">
      <UniqueIdentifier>{6ddf0954-6a2b-47ed-bc81-8cf307700532}</UniqueIdentifier>
    </Filter>
    <Filter Include="WinMain">
      <UniqueIdentifier>{143332c8-d2ba-4c0f-94f0-cc24ae18956c}</UniqueIdentifier>
    </Filter>
    <Filter Include="Basic">
      <UniqueIdentifier>{1b88fed2-5da9-49de-98c2-ce08bf8bc17f}</UniqueIdentifier>
    </Filter>
    <Filter Include="Object">
      <UniqueIdentifier>{8e28f916-8cb2-4a0a-b28e-338229deb5eb}</UniqueIdentifier>
    </Filter>
    <Filter Include="ImageManager">
      <UniqueIdentifier>{7c75bfa2-e3be-473e-8b1e-33fb84085f7e}</UniqueIdentifier>
    </Filter>
    <Filter Include="Object\BackGround">
      <UniqueIdentifier>{76193434-2024-4b6b-994b-e5688d7cdf46}</UniqueIdentifier>
    </Filter>
    <Filter Include="Object\Stanley">
      <UniqueIdentifier>{46d96326-a5e0-446b-8e76-1b757d97cb28}</UniqueIdentifier>
    </Filter>
  </ItemGroup>
  <ItemGroup>
    <ClInclude Include="WinMain.h">
      <Filter>WinMain</Filter>
    </ClInclude>
    <ClInclude Include="MainProc.h">
      <Filter>MainProc</Filter>
    </ClInclude>
    <ClInclude Include="API_FrameWork.h">
      <Filter>WinMain</Filter>
    </ClInclude>
    <ClInclude Include="targetver.h">
      <Filter>Basic</Filter>
    </ClInclude>
    <ClInclude Include="Resource.h">
      <Filter>Basic</Filter>
    </ClInclude>
    <ClInclude Include="stdafx.h">
      <Filter>Basic</Filter>
    </ClInclude>
    <ClInclude Include="Object.h">
      <Filter>Object</Filter>
    </ClInclude>
    <ClInclude Include="cImageManager.h">
      <Filter>ImageManager</Filter>
    </ClInclude>
    <ClInclude Include="BackGround.h">
      <Filter>Object\BackGround</Filter>
    </ClInclude>
    <ClInclude Include="Stanley.h">
      <Filter>Object\Stanley</Filter>
    </ClInclude>
  </ItemGroup>
  <ItemGroup>
    <ClCompile Include="WinMain.cpp">
      <Filter>WinMain</Filter>
    </ClCompile>
    <ClCompile Include="API_FrameWork.cpp">
      <Filter>WinMain</Filter>
    </ClCompile>
    <ClCompile Include="stdafx.cpp">
      <Filter>Basic</Filter>
    </ClCompile>
    <ClCompile Include="MainProc.cpp">
      <Filter>MainProc</Filter>
    </ClCompile>
    <ClCompile Include="Object.cpp">
      <Filter>Object</Filter>
    </ClCompile>
    <ClCompile Include="cImageManager.cpp">
      <Filter>ImageManager</Filter>
    </ClCompile>
    <ClCompile Include="BackGround.cpp">
      <Filter>Object\BackGround</Filter>
    </ClCompile>
    <ClCompile Include="Stanley.cpp">
      <Filter>Object\Stanley</Filter>
    </ClCompile>
  </ItemGroup>
  <ItemGroup>
    <ResourceCompile Include="API_FrameWork.rc">
      <Filter>리소스 파일</Filter>
    </ResourceCompile>
  </ItemGroup>
  <ItemGroup>
    <Image Include="small.ico">
      <Filter>리소스 파일</Filter>
    </Image>
    <Image Include="API_FrameWork.ico">
      <Filter>리소스 파일</Filter>
    </Image>
  </ItemGroup>
</Project>